{
  "requires": true,
  "lockfileVersion": 1,
  "dependencies": {
    "moment": {
      "version": "2.19.1",
      "resolved": "https://registry.npmjs.org/moment/-/moment-2.19.1.tgz",
      "integrity": "sha1-VtoaLRy/AdOLfhr8McELz6GSkWc="
    },
    "moment-timezone": {
      "version": "0.5.13",
      "resolved": "https://registry.npmjs.org/moment-timezone/-/moment-timezone-0.5.13.tgz",
      "integrity": "sha1-mc5cfYJyYusPH3AgRBd/YHRde5A=",
      "requires": {
        "moment": "2.19.1"
      }
    },
    "zipcodes-perogi": {
      "version": "1.3.201710",
      "resolved": "https://registry.npmjs.org/zipcodes-perogi/-/zipcodes-perogi-1.3.201710.tgz",
      "integrity": "sha1-iF/01xU7iWfhTcaPE7z1Gs3HWk4=",
      "requires": {
        "moment-timezone": "0.5.13"
      }
    }
  }
}
